
Microsoft Visual Studio Solution File, Format Version 12.00
# Visual Studio Version 17
VisualStudioVersion = 17.3.32922.545
MinimumVisualStudioVersion = 10.0.40219.1
Project("{FAE04EC0-301F-11D3-BF4B-00C04F79EFBC}") = "JoggingTime", "JoggingTime\JoggingTime.csproj", "{A403F929-53F7-4139-AF5E-CA825BBD5CAC}"
EndProject
Global
	GlobalSection(SolutionConfigurationPlatforms) = preSolution
		Debug|Any CPU = Debug|Any CPU
		Release|Any CPU = Release|Any CPU
	EndGlobalSection
	GlobalSection(ProjectConfigurationPlatforms) = postSolution
		{A403F929-53F7-4139-AF5E-CA825BBD5CAC}.Debug|Any CPU.ActiveCfg = Debug|Any CPU
		{A403F929-53F7-4139-AF5E-CA825BBD5CAC}.Debug|Any CPU.Build.0 = Debug|Any CPU
		{A403F929-53F7-4139-AF5E-CA825BBD5CAC}.Release|Any CPU.ActiveCfg = Release|Any CPU
		{A403F929-53F7-4139-AF5E-CA825BBD5CAC}.Release|Any CPU.Build.0 = Release|Any CPU
	EndGlobalSection
	GlobalSection(SolutionProperties) = preSolution
		HideSolutionNode = FALSE
	EndGlobalSection
	GlobalSection(ExtensibilityGlobals) = postSolution
		SolutionGuid = {91457EC0-B518-49AE-9BFC-EBCF588AA2AF}
	EndGlobalSection
EndGlobal
